
Microsoft Visual Studio Solution File, Format Version 12.00
# Visual Studio 15
VisualStudioVersion = 15.0.28010.2036
MinimumVisualStudioVersion = 10.0.40219.1
Project("{9A19103F-16F7-4668-BE54-9A1E7A4F7556}") = "SabSathWeb", "SabSathWeb\SabSathWeb.csproj", "{5EDFA749-E4F9-4FF8-B926-C014D3249F9C}"
EndProject
Project("{FAE04EC0-301F-11D3-BF4B-00C04F79EFBC}") = "SabSath.Application", "SabSath.Application\SabSath.Application.csproj", "{ED6AFBCE-0160-485D-AD26-A8C91DF37D2B}"
EndProject
Project("{FAE04EC0-301F-11D3-BF4B-00C04F79EFBC}") = "SabSath.Core", "SabSath.Core\SabSath.Core.csproj", "{FBDE8AB8-3367-4251-B96F-114EC9954C3A}"
EndProject
Project("{FAE04EC0-301F-11D3-BF4B-00C04F79EFBC}") = "SabSath.Data", "SabSath.Data\SabSath.Data.csproj", "{062CCE2A-D68A-48F9-A237-D758C6BEFE1C}"
EndProject
Global
	GlobalSection(SolutionConfigurationPlatforms) = preSolution
		Debug|Any CPU = Debug|Any CPU
		Release|Any CPU = Release|Any CPU
	EndGlobalSection
	GlobalSection(ProjectConfigurationPlatforms) = postSolution
		{5EDFA749-E4F9-4FF8-B926-C014D3249F9C}.Debug|Any CPU.ActiveCfg = Debug|Any CPU
		{5EDFA749-E4F9-4FF8-B926-C014D3249F9C}.Debug|Any CPU.Build.0 = Debug|Any CPU
		{5EDFA749-E4F9-4FF8-B926-C014D3249F9C}.Release|Any CPU.ActiveCfg = Release|Any CPU
		{5EDFA749-E4F9-4FF8-B926-C014D3249F9C}.Release|Any CPU.Build.0 = Release|Any CPU
		{ED6AFBCE-0160-485D-AD26-A8C91DF37D2B}.Debug|Any CPU.ActiveCfg = Debug|Any CPU
		{ED6AFBCE-0160-485D-AD26-A8C91DF37D2B}.Debug|Any CPU.Build.0 = Debug|Any CPU
		{ED6AFBCE-0160-485D-AD26-A8C91DF37D2B}.Release|Any CPU.ActiveCfg = Release|Any CPU
		{ED6AFBCE-0160-485D-AD26-A8C91DF37D2B}.Release|Any CPU.Build.0 = Release|Any CPU
		{FBDE8AB8-3367-4251-B96F-114EC9954C3A}.Debug|Any CPU.ActiveCfg = Debug|Any CPU
		{FBDE8AB8-3367-4251-B96F-114EC9954C3A}.Debug|Any CPU.Build.0 = Debug|Any CPU
		{FBDE8AB8-3367-4251-B96F-114EC9954C3A}.Release|Any CPU.ActiveCfg = Release|Any CPU
		{FBDE8AB8-3367-4251-B96F-114EC9954C3A}.Release|Any CPU.Build.0 = Release|Any CPU
		{062CCE2A-D68A-48F9-A237-D758C6BEFE1C}.Debug|Any CPU.ActiveCfg = Debug|Any CPU
		{062CCE2A-D68A-48F9-A237-D758C6BEFE1C}.Debug|Any CPU.Build.0 = Debug|Any CPU
		{062CCE2A-D68A-48F9-A237-D758C6BEFE1C}.Release|Any CPU.ActiveCfg = Release|Any CPU
		{062CCE2A-D68A-48F9-A237-D758C6BEFE1C}.Release|Any CPU.Build.0 = Release|Any CPU
	EndGlobalSection
	GlobalSection(SolutionProperties) = preSolution
		HideSolutionNode = FALSE
	EndGlobalSection
	GlobalSection(ExtensibilityGlobals) = postSolution
		SolutionGuid = {319AFFFD-3473-4F9B-B097-E0EB432C313F}
	EndGlobalSection
EndGlobal
